// !$*UTF8*$!
{
	archiveVersion = 1;
	classes = {
	};
	objectVersion = 55;
	objects = {

/* Begin PBXBuildFile section */
		B161064928C13971005B1F2B /* CoreDataSwiftUI4FunApp.swift in Sources */ = {isa = PBXBuildFile; fileRef = B161063928C1396F005B1F2B /* CoreDataSwiftUI4FunApp.swift */; };
		B161064A28C13971005B1F2B /* CoreDataSwiftUI4FunApp.swift in Sources */ = {isa = PBXBuildFile; fileRef = B161063928C1396F005B1F2B /* CoreDataSwiftUI4FunApp.swift */; };
		B161064B28C13971005B1F2B /* ContentView.swift in Sources */ = {isa = PBXBuildFile; fileRef = B161063A28C1396F005B1F2B /* ContentView.swift */; };
		B161064C28C13971005B1F2B /* ContentView.swift in Sources */ = {isa = PBXBuildFile; fileRef = B161063A28C1396F005B1F2B /* ContentView.swift */; };
		B161064D28C13971005B1F2B /* Assets.xcassets in Resources */ = {isa = PBXBuildFile; fileRef = B161063B28C13971005B1F2B /* Assets.xcassets */; };
		B161064E28C13971005B1F2B /* Assets.xcassets in Resources */ = {isa = PBXBuildFile; fileRef = B161063B28C13971005B1F2B /* Assets.xcassets */; };
		B161065928C13B40005B1F2B /* CoreDataSwiftUI4Fun.xcdatamodeld in Sources */ = {isa = PBXBuildFile; fileRef = B161065728C13B40005B1F2B /* CoreDataSwiftUI4Fun.xcdatamodeld */; };
		B161065A28C13B40005B1F2B /* CoreDataSwiftUI4Fun.xcdatamodeld in Sources */ = {isa = PBXBuildFile; fileRef = B161065728C13B40005B1F2B /* CoreDataSwiftUI4Fun.xcdatamodeld */; };
/* End PBXBuildFile section */

/* Begin PBXFileReference section */
		B161063928C1396F005B1F2B /* CoreDataSwiftUI4FunApp.swift */ = {isa = PBXFileReference; lastKnownFileType = sourcecode.swift; path = CoreDataSwiftUI4FunApp.swift; sourceTree = "<group>"; };
		B161063A28C1396F005B1F2B /* ContentView.swift */ = {isa = PBXFileReference; lastKnownFileType = sourcecode.swift; path = ContentView.swift; sourceTree = "<group>"; };
		B161063B28C13971005B1F2B /* Assets.xcassets */ = {isa = PBXFileReference; lastKnownFileType = folder.assetcatalog; path = Assets.xcassets; sourceTree = "<group>"; };
		B161064028C13971005B1F2B /* CoreDataSwiftUI4Fun.app */ = {isa = PBXFileReference; explicitFileType = wrapper.application; includeInIndex = 0; path = CoreDataSwiftUI4Fun.app; sourceTree = BUILT_PRODUCTS_DIR; };
		B161064628C13971005B1F2B /* CoreDataSwiftUI4Fun.app */ = {isa = PBXFileReference; explicitFileType = wrapper.application; includeInIndex = 0; path = CoreDataSwiftUI4Fun.app; sourceTree = BUILT_PRODUCTS_DIR; };
		B161064828C13971005B1F2B /* macOS.entitlements */ = {isa = PBXFileReference; lastKnownFileType = text.plist.entitlements; path = macOS.entitlements; sourceTree = "<group>"; };
		B161065828C13B40005B1F2B /* CoreDataSwiftUI4Fun.xcdatamodel */ = {isa = PBXFileReference; lastKnownFileType = wrapper.xcdatamodel; path = CoreDataSwiftUI4Fun.xcdatamodel; sourceTree = "<group>"; };
/* End PBXFileReference section */

/* Begin PBXFrameworksBuildPhase section */
		B161063D28C13971005B1F2B /* Frameworks */ = {
			isa = PBXFrameworksBuildPhase;
			buildActionMask = 2147483647;
			files = (
			);
			runOnlyForDeploymentPostprocessing = 0;
		};
		B161064328C13971005B1F2B /* Frameworks */ = {
			isa = PBXFrameworksBuildPhase;
			buildActionMask = 2147483647;
			files = (
			);
			runOnlyForDeploymentPostprocessing = 0;
		};
/* End PBXFrameworksBuildPhase section */

/* Begin PBXGroup section */
		B161063328C1396E005B1F2B = {
			isa = PBXGroup;
			children = (
				B161063828C1396F005B1F2B /* Shared */,
				B161064728C13971005B1F2B /* macOS */,
				B161064128C13971005B1F2B /* Products */,
			);
			sourceTree = "<group>";
		};
		B161063828C1396F005B1F2B /* Shared */ = {
			isa = PBXGroup;
			children = (
				B161063928C1396F005B1F2B /* CoreDataSwiftUI4FunApp.swift */,
				B161063A28C1396F005B1F2B /* ContentView.swift */,
				B161065728C13B40005B1F2B /* CoreDataSwiftUI4Fun.xcdatamodeld */,
				B161063B28C13971005B1F2B /* Assets.xcassets */,
			);
			path = Shared;
			sourceTree = "<group>";
		};
		B161064128C13971005B1F2B /* Products */ = {
			isa = PBXGroup;
			children = (
				B161064028C13971005B1F2B /* CoreDataSwiftUI4Fun.app */,
				B161064628C13971005B1F2B /* CoreDataSwiftUI4Fun.app */,
			);
			name = Products;
			sourceTree = "<group>";
		};
		B161064728C13971005B1F2B /* macOS */ = {
			isa = PBXGroup;
			children = (
				B161064828C13971005B1F2B /* macOS.entitlements */,
			);
			path = macOS;
			sourceTree = "<group>";
		};
/* End PBXGroup section */

/* Begin PBXNativeTarget section */
		B161063F28C13971005B1F2B /* CoreDataSwiftUI4Fun (iOS) */ = {
			isa = PBXNativeTarget;
			buildConfigurationList = B161065128C13971005B1F2B /* Build configuration list for PBXNativeTarget "CoreDataSwiftUI4Fun (iOS)" */;
			buildPhases = (
				B161063C28C13971005B1F2B /* Sources */,
				B161063D28C13971005B1F2B /* Frameworks */,
				B161063E28C13971005B1F2B /* Resources */,
			);
			buildRules = (
			);
			dependencies = (
			);
			name = "CoreDataSwiftUI4Fun (iOS)";
			productName = "CoreDataSwiftUI4Fun (iOS)";
			productReference = B161064028C13971005B1F2B /* CoreDataSwiftUI4Fun.app */;
			productType = "com.apple.product-type.application";
		};
		B161064528C13971005B1F2B /* CoreDataSwiftUI4Fun (macOS) */ = {
			isa = PBXNativeTarget;
			buildConfigurationList = B161065428C13971005B1F2B /* Build configuration list for PBXNativeTarget "CoreDataSwiftUI4Fun (macOS)" */;
			buildPhases = (
				B161064228C13971005B1F2B /* Sources */,
				B161064328C13971005B1F2B /* Frameworks */,
				B161064428C13971005B1F2B /* Resources */,
			);
			buildRules = (
			);
			dependencies = (
			);
			name = "CoreDataSwiftUI4Fun (macOS)";
			productName = "CoreDataSwiftUI4Fun (macOS)";
			productReference = B161064628C13971005B1F2B /* CoreDataSwiftUI4Fun.app */;
			productType = "com.apple.product-type.application";
		};
/* End PBXNativeTarget section */

/* Begin PBXProject section */
		B161063428C1396E005B1F2B /* Project object */ = {
			isa = PBXProject;
			attributes = {
				BuildIndependentTargetsInParallel = 1;
				LastSwiftUpdateCheck = 1330;
				LastUpgradeCheck = 1330;
				TargetAttributes = {
					B161063F28C13971005B1F2B = {
						CreatedOnToolsVersion = 13.3;
					};
					B161064528C13971005B1F2B = {
						CreatedOnToolsVersion = 13.3;
					};
				};
			};
			buildConfigurationList = B161063728C1396E005B1F2B /* Build configuration list for PBXProject "CoreDataSwiftUI4Fun" */;
			compatibilityVersion = "Xcode 13.0";
			developmentRegion = en;
			hasScannedForEncodings = 0;
			knownRegions = (
				en,
				Base,
			);
			mainGroup = B161063328C1396E005B1F2B;
			productRefGroup = B161064128C13971005B1F2B /* Products */;
			projectDirPath = "";
			projectRoot = "";
			targets = (
				B161063F28C13971005B1F2B /* CoreDataSwiftUI4Fun (iOS) */,
				B161064528C13971005B1F2B /* CoreDataSwiftUI4Fun (macOS) */,
			);
		};
/* End PBXProject section */

/* Begin PBXResourcesBuildPhase section */
		B161063E28C13971005B1F2B /* Resources */ = {
			isa = PBXResourcesBuildPhase;
			buildActionMask = 2147483647;
			files = (
				B161064D28C13971005B1F2B /* Assets.xcassets in Resources */,
			);
			runOnlyForDeploymentPostprocessing = 0;
		};
		B161064428C13971005B1F2B /* Resources */ = {
			isa = PBXResourcesBuildPhase;
			buildActionMask = 2147483647;
			files = (
				B161064E28C13971005B1F2B /* Assets.xcassets in Resources */,
			);
			runOnlyForDeploymentPostprocessing = 0;
		};
/* End PBXResourcesBuildPhase section */

/* Begin PBXSourcesBuildPhase section */
		B161063C28C13971005B1F2B /* Sources */ = {
			isa = PBXSourcesBuildPhase;
			buildActionMask = 2147483647;
			files = (
				B161064B28C13971005B1F2B /* ContentView.swift in Sources */,
				B161064928C13971005B1F2B /* CoreDataSwiftUI4FunApp.swift in Sources */,
				B161065928C13B40005B1F2B /* CoreDataSwiftUI4Fun.xcdatamodeld in Sources */,
			);
			runOnlyForDeploymentPostprocessing = 0;
		};
		B161064228C13971005B1F2B /* Sources */ = {
			isa = PBXSourcesBuildPhase;
			buildActionMask = 2147483647;
			files = (
				B161064C28C13971005B1F2B /* ContentView.swift in Sources */,
				B161064A28C13971005B1F2B /* CoreDataSwiftUI4FunApp.swift in Sources */,
				B161065A28C13B40005B1F2B /* CoreDataSwiftUI4Fun.xcdatamodeld in Sources */,
			);
			runOnlyForDeploymentPostprocessing = 0;
		};
/* End PBXSourcesBuildPhase section */

/* Begin XCBuildConfiguration section */
		B161064F28C13971005B1F2B /* Debug */ = {
			isa = XCBuildConfiguration;
			buildSettings = {
				ALWAYS_SEARCH_USER_PATHS = NO;
				CLANG_ANALYZER_NONNULL = YES;
				CLANG_ANALYZER_NUMBER_OBJECT_CONVERSION = YES_AGGRESSIVE;
				CLANG_CXX_LANGUAGE_STANDARD = "gnu++17";
				CLANG_ENABLE_MODULES = YES;
				CLANG_ENABLE_OBJC_ARC = YES;
				CLANG_ENABLE_OBJC_WEAK = YES;
				CLANG_WARN_BLOCK_CAPTURE_AUTORELEASING = YES;
				CLANG_WARN_BOOL_CONVERSION = YES;
				CLANG_WARN_COMMA = YES;
				CLANG_WARN_CONSTANT_CONVERSION = YES;
				CLANG_WARN_DEPRECATED_OBJC_IMPLEMENTATIONS = YES;
				CLANG_WARN_DIRECT_OBJC_ISA_USAGE = YES_ERROR;
				CLANG_WARN_DOCUMENTATION_COMMENTS = YES;
				CLANG_WARN_EMPTY_BODY = YES;
				CLANG_WARN_ENUM_CONVERSION = YES;
				CLANG_WARN_INFINITE_RECURSION = YES;
				CLANG_WARN_INT_CONVERSION = YES;
				CLANG_WARN_NON_LITERAL_NULL_CONVERSION = YES;
				CLANG_WARN_OBJC_IMPLICIT_RETAIN_SELF = YES;
				CLANG_WARN_OBJC_LITERAL_CONVERSION = YES;
				CLANG_WARN_OBJC_ROOT_CLASS = YES_ERROR;
				CLANG_WARN_QUOTED_INCLUDE_IN_FRAMEWORK_HEADER = YES;
				CLANG_WARN_RANGE_LOOP_ANALYSIS = YES;
				CLANG_WARN_STRICT_PROTOTYPES = YES;
				CLANG_WARN_SUSPICIOUS_MOVE = YES;
				CLANG_WARN_UNGUARDED_AVAILABILITY = YES_AGGRESSIVE;
				CLANG_WARN_UNREACHABLE_CODE = YES;
				CLANG_WARN__DUPLICATE_METHOD_MATCH = YES;
				COPY_PHASE_STRIP = NO;
				DEBUG_INFORMATION_FORMAT = dwarf;
				ENABLE_STRICT_OBJC_MSGSEND = YES;
				ENABLE_TESTABILITY = YES;
				GCC_C_LANGUAGE_STANDARD = gnu11;
				GCC_DYNAMIC_NO_PIC = NO;
				GCC_NO_COMMON_BLOCKS = YES;
				GCC_OPTIMIZATION_LEVEL = 0;
				GCC_PREPROCESSOR_DEFINITIONS = (
					"DEBUG=1",
					"$(inherited)",
				);
				GCC_WARN_64_TO_32_BIT_CONVERSION = YES;
				GCC_WARN_ABOUT_RETURN_TYPE = YES_ERROR;
				GCC_WARN_UNDECLARED_SELECTOR = YES;
				GCC_WARN_UNINITIALIZED_AUTOS = YES_AGGRESSIVE;
				GCC_WARN_UNUSED_FUNCTION = YES;
				GCC_WARN_UNUSED_VARIABLE = YES;
				MTL_ENABLE_DEBUG_INFO = INCLUDE_SOURCE;
				MTL_FAST_MATH = YES;
				ONLY_ACTIVE_ARCH = YES;
				SWIFT_ACTIVE_COMPILATION_CONDITIONS = DEBUG;
				SWIFT_OPTIMIZATION_LEVEL = "-Onone";
			};
			name = Debug;
		};
		B161065028C13971005B1F2B /* Release */ = {
			isa = XCBuildConfiguration;
			buildSettings = {
				ALWAYS_SEARCH_USER_PATHS = NO;
				CLANG_ANALYZER_NONNULL = YES;
				CLANG_ANALYZER_NUMBER_OBJECT_CONVERSION = YES_AGGRESSIVE;
				CLANG_CXX_LANGUAGE_STANDARD = "gnu++17";
				CLANG_ENABLE_MODULES = YES;
				CLANG_ENABLE_OBJC_ARC = YES;
				CLANG_ENABLE_OBJC_WEAK = YES;
				CLANG_WARN_BLOCK_CAPTURE_AUTORELEASING = YES;
				CLANG_WARN_BOOL_CONVERSION = YES;
				CLANG_WARN_COMMA = YES;
				CLANG_WARN_CONSTANT_CONVERSION = YES;
				CLANG_WARN_DEPRECATED_OBJC_IMPLEMENTATIONS = YES;
				CLANG_WARN_DIRECT_OBJC_ISA_USAGE = YES_ERROR;
				CLANG_WARN_DOCUMENTATION_COMMENTS = YES;
				CLANG_WARN_EMPTY_BODY = YES;
				CLANG_WARN_ENUM_CONVERSION = YES;
				CLANG_WARN_INFINITE_RECURSION = YES;
				CLANG_WARN_INT_CONVERSION = YES;
				CLANG_WARN_NON_LITERAL_NULL_CONVERSION = YES;
				CLANG_WARN_OBJC_IMPLICIT_RETAIN_SELF = YES;
				CLANG_WARN_OBJC_LITERAL_CONVERSION = YES;
				CLANG_WARN_OBJC_ROOT_CLASS = YES_ERROR;
				CLANG_WARN_QUOTED_INCLUDE_IN_FRAMEWORK_HEADER = YES;
				CLANG_WARN_RANGE_LOOP_ANALYSIS = YES;
				CLANG_WARN_STRICT_PROTOTYPES = YES;
				CLANG_WARN_SUSPICIOUS_MOVE = YES;
				CLANG_WARN_UNGUARDED_AVAILABILITY = YES_AGGRESSIVE;
				CLANG_WARN_UNREACHABLE_CODE = YES;
				CLANG_WARN__DUPLICATE_METHOD_MATCH = YES;
				COPY_PHASE_STRIP = NO;
				DEBUG_INFORMATION_FORMAT = "dwarf-with-dsym";
				ENABLE_NS_ASSERTIONS = NO;
				ENABLE_STRICT_OBJC_MSGSEND = YES;
				GCC_C_LANGUAGE_STANDARD = gnu11;
				GCC_NO_COMMON_BLOCKS = YES;
				GCC_WARN_64_TO_32_BIT_CONVERSION = YES;
				GCC_WARN_ABOUT_RETURN_TYPE = YES_ERROR;
				GCC_WARN_UNDECLARED_SELECTOR = YES;
				GCC_WARN_UNINITIALIZED_AUTOS = YES_AGGRESSIVE;
				GCC_WARN_UNUSED_FUNCTION = YES;
				GCC_WARN_UNUSED_VARIABLE = YES;
				MTL_ENABLE_DEBUG_INFO = NO;
				MTL_FAST_MATH = YES;
				SWIFT_COMPILATION_MODE = wholemodule;
				SWIFT_OPTIMIZATION_LEVEL = "-O";
			};
			name = Release;
		};
		B161065228C13971005B1F2B /* Debug */ = {
			isa = XCBuildConfiguration;
			buildSettings = {
				ASSETCATALOG_COMPILER_APPICON_NAME = AppIcon;
				ASSETCATALOG_COMPILER_GLOBAL_ACCENT_COLOR_NAME = AccentColor;
				CODE_SIGN_STYLE = Automatic;
				CURRENT_PROJECT_VERSION = 1;
				DEVELOPMENT_TEAM = VBUM36LCVB;
				ENABLE_PREVIEWS = YES;
				GENERATE_INFOPLIST_FILE = YES;
				INFOPLIST_KEY_UIApplicationSceneManifest_Generation = YES;
				INFOPLIST_KEY_UIApplicationSupportsIndirectInputEvents = YES;
				INFOPLIST_KEY_UILaunchScreen_Generation = YES;
				INFOPLIST_KEY_UISupportedInterfaceOrientations_iPad = "UIInterfaceOrientationPortrait UIInterfaceOrientationPortraitUpsideDown UIInterfaceOrientationLandscapeLeft UIInterfaceOrientationLandscapeRight";
				INFOPLIST_KEY_UISupportedInterfaceOrientations_iPhone = "UIInterfaceOrientationPortrait UIInterfaceOrientationLandscapeLeft UIInterfaceOrientationLandscapeRight";
				IPHONEOS_DEPLOYMENT_TARGET = 15.4;
				LD_RUNPATH_SEARCH_PATHS = (
					"$(inherited)",
					"@executable_path/Frameworks",
				);
				MARKETING_VERSION = 1.0;
				PRODUCT_BUNDLE_IDENTIFIER = naynay.CoreDataSwiftUI4Fun;
				PRODUCT_NAME = CoreDataSwiftUI4Fun;
				SDKROOT = iphoneos;
				SWIFT_EMIT_LOC_STRINGS = YES;
				SWIFT_VERSION = 5.0;
				TARGETED_DEVICE_FAMILY = "1,2";
			};
			name = Debug;
		};
		B161065328C13971005B1F2B /* Release */ = {
			isa = XCBuildConfiguration;
			buildSettings = {
				ASSETCATALOG_COMPILER_APPICON_NAME = AppIcon;
				ASSETCATALOG_COMPILER_GLOBAL_ACCENT_COLOR_NAME = AccentColor;
				CODE_SIGN_STYLE = Automatic;
				CURRENT_PROJECT_VERSION = 1;
				DEVELOPMENT_TEAM = VBUM36LCVB;
				ENABLE_PREVIEWS = YES;
				GENERATE_INFOPLIST_FILE = YES;
				INFOPLIST_KEY_UIApplicationSceneManifest_Generation = YES;
				INFOPLIST_KEY_UIApplicationSupportsIndirectInputEvents = YES;
				INFOPLIST_KEY_UILaunchScreen_Generation = YES;
				INFOPLIST_KEY_UISupportedInterfaceOrientations_iPad = "UIInterfaceOrientationPortrait UIInterfaceOrientationPortraitUpsideDown UIInterfaceOrientationLandscapeLeft UIInterfaceOrientationLandscapeRight";
				INFOPLIST_KEY_UISupportedInterfaceOrientations_iPhone = "UIInterfaceOrientationPortrait UIInterfaceOrientationLandscapeLeft UIInterfaceOrientationLandscapeRight";
				IPHONEOS_DEPLOYMENT_TARGET = 15.4;
				LD_RUNPATH_SEARCH_PATHS = (
					"$(inherited)",
					"@executable_path/Frameworks",
				);
				MARKETING_VERSION = 1.0;
				PRODUCT_BUNDLE_IDENTIFIER = naynay.CoreDataSwiftUI4Fun;
				PRODUCT_NAME = CoreDataSwiftUI4Fun;
				SDKROOT = iphoneos;
				SWIFT_EMIT_LOC_STRINGS = YES;
				SWIFT_VERSION = 5.0;
				TARGETED_DEVICE_FAMILY = "1,2";
				VALIDATE_PRODUCT = YES;
			};
			name = Release;
		};
		B161065528C13971005B1F2B /* Debug */ = {
			isa = XCBuildConfiguration;
			buildSettings = {
				ASSETCATALOG_COMPILER_APPICON_NAME = AppIcon;
				ASSETCATALOG_COMPILER_GLOBAL_ACCENT_COLOR_NAME = AccentColor;
				CODE_SIGN_ENTITLEMENTS = macOS/macOS.entitlements;
				CODE_SIGN_STYLE = Automatic;
				COMBINE_HIDPI_IMAGES = YES;
				CURRENT_PROJECT_VERSION = 1;
				DEVELOPMENT_TEAM = VBUM36LCVB;
				ENABLE_HARDENED_RUNTIME = YES;
				ENABLE_PREVIEWS = YES;
				GENERATE_INFOPLIST_FILE = YES;
				INFOPLIST_KEY_NSHumanReadableCopyright = "";
				LD_RUNPATH_SEARCH_PATHS = (
					"$(inherited)",
					"@executable_path/../Frameworks",
				);
				MACOSX_DEPLOYMENT_TARGET = 12.3;
				MARKETING_VERSION = 1.0;
				PRODUCT_BUNDLE_IDENTIFIER = naynay.CoreDataSwiftUI4Fun;
				PRODUCT_NAME = CoreDataSwiftUI4Fun;
				SDKROOT = macosx;
				SWIFT_EMIT_LOC_STRINGS = YES;
				SWIFT_VERSION = 5.0;
			};
			name = Debug;
		};
		B161065628C13971005B1F2B /* Release */ = {
			isa = XCBuildConfiguration;
			buildSettings = {
				ASSETCATALOG_COMPILER_APPICON_NAME = AppIcon;
				ASSETCATALOG_COMPILER_GLOBAL_ACCENT_COLOR_NAME = AccentColor;
				CODE_SIGN_ENTITLEMENTS = macOS/macOS.entitlements;
				CODE_SIGN_STYLE = Automatic;
				COMBINE_HIDPI_IMAGES = YES;
				CURRENT_PROJECT_VERSION = 1;
				DEVELOPMENT_TEAM = VBUM36LCVB;
				ENABLE_HARDENED_RUNTIME = YES;
				ENABLE_PREVIEWS = YES;
				GENERATE_INFOPLIST_FILE = YES;
				INFOPLIST_KEY_NSHumanReadableCopyright = "";
				LD_RUNPATH_SEARCH_PATHS = (
					"$(inherited)",
					"@executable_path/../Frameworks",
				);
				MACOSX_DEPLOYMENT_TARGET = 12.3;
				MARKETING_VERSION = 1.0;
				PRODUCT_BUNDLE_IDENTIFIER = naynay.CoreDataSwiftUI4Fun;
				PRODUCT_NAME = CoreDataSwiftUI4Fun;
				SDKROOT = macosx;
				SWIFT_EMIT_LOC_STRINGS = YES;
				SWIFT_VERSION = 5.0;
			};
			name = Release;
		};
/* End XCBuildConfiguration section */

/* Begin XCConfigurationList section */
		B161063728C1396E005B1F2B /* Build configuration list for PBXProject "CoreDataSwiftUI4Fun" */ = {
			isa = XCConfigurationList;
			buildConfigurations = (
				B161064F28C13971005B1F2B /* Debug */,
				B161065028C13971005B1F2B /* Release */,
			);
			defaultConfigurationIsVisible = 0;
			defaultConfigurationName = Release;
		};
		B161065128C13971005B1F2B /* Build configuration list for PBXNativeTarget "CoreDataSwiftUI4Fun (iOS)" */ = {
			isa = XCConfigurationList;
			buildConfigurations = (
				B161065228C13971005B1F2B /* Debug */,
				B161065328C13971005B1F2B /* Release */,
			);
			defaultConfigurationIsVisible = 0;
			defaultConfigurationName = Release;
		};
		B161065428C13971005B1F2B /* Build configuration list for PBXNativeTarget "CoreDataSwiftUI4Fun (macOS)" */ = {
			isa = XCConfigurationList;
			buildConfigurations = (
				B161065528C13971005B1F2B /* Debug */,
				B161065628C13971005B1F2B /* Release */,
			);
			defaultConfigurationIsVisible = 0;
			defaultConfigurationName = Release;
		};
/* End XCConfigurationList section */

/* Begin XCVersionGroup section */
		B161065728C13B40005B1F2B /* CoreDataSwiftUI4Fun.xcdatamodeld */ = {
			isa = XCVersionGroup;
			children = (
				B161065828C13B40005B1F2B /* CoreDataSwiftUI4Fun.xcdatamodel */,
			);
			currentVersion = B161065828C13B40005B1F2B /* CoreDataSwiftUI4Fun.xcdatamodel */;
			path = CoreDataSwiftUI4Fun.xcdatamodeld;
			sourceTree = "<group>";
			versionGroupType = wrapper.xcdatamodel;
		};
/* End XCVersionGroup section */
	};
	rootObject = B161063428C1396E005B1F2B /* Project object */;
}
